{
  "name": "Compiler",
  "version": "1.0.0",
  "lockfileVersion": 1,
  "requires": true,
  "dependencies": {
    "@types/codemirror": {
      "version": "0.0.108",
      "resolved": "https://registry.npmjs.org/@types/codemirror/-/codemirror-0.0.108.tgz",
      "integrity": "sha512-3FGFcus0P7C2UOGCNUVENqObEb4SFk+S8Dnxq7K6aIsLVs/vDtlangl3PEO0ykaKXyK56swVF6Nho7VsA44uhw==",
      "requires": {
        "@types/tern": "*"
      }
    },
    "@types/engine.io": {
      "version": "3.1.5",
      "resolved": "https://registry.npmjs.org/@types/engine.io/-/engine.io-3.1.5.tgz",
      "integrity": "sha512-DLVpLEGTEZGBXOYoYoagHSxXkDHONc0fZouF2ayw7Q18aRu1Afwci+1CFKvPpouCUOVWP+dmCaAWpQjswe7kpg==",
      "requires": {
        "@types/node": "*"
      }
    },
    "@types/estree": {
      "version": "0.0.46",
      "resolved": "https://registry.npmjs.org/@types/estree/-/estree-0.0.46.tgz",
      "integrity": "sha512-laIjwTQaD+5DukBZaygQ79K1Z0jb1bPEMRrkXSLjtCcZm+abyp5YbrqpSLzD42FwWW6gK/aS4NYpJ804nG2brg=="
    },
    "@types/jquery": {
      "version": "3.5.5",
      "resolved": "https://registry.npmjs.org/@types/jquery/-/jquery-3.5.5.tgz",
      "integrity": "sha512-6RXU9Xzpc6vxNrS6FPPapN1SxSHgQ336WC6Jj/N8q30OiaBZ00l1GBgeP7usjVZPivSkGUfL1z/WW6TX989M+w==",
      "requires": {
        "@types/sizzle": "*"
      }
    },
    "@types/moment": {
      "version": "2.13.0",
      "resolved": "https://registry.npmjs.org/@types/moment/-/moment-2.13.0.tgz",
      "integrity": "sha1-YE69GJvDvDShVIaJQE5hoqSqyJY=",
      "requires": {
        "moment": "*"
      }
    },
    "@types/node": {
      "version": "14.14.35",
      "resolved": "https://registry.npmjs.org/@types/node/-/node-14.14.35.tgz",
      "integrity": "sha512-Lt+wj8NVPx0zUmUwumiVXapmaLUcAk3yPuHCFVXras9k5VT9TdhJqKqGVUQCD60OTMCl0qxJ57OiTL0Mic3Iag=="
    },
    "@types/sizzle": {
      "version": "2.3.2",
      "resolved": "https://registry.npmjs.org/@types/sizzle/-/sizzle-2.3.2.tgz",
      "integrity": "sha512-7EJYyKTL7tFR8+gDbB6Wwz/arpGa0Mywk1TJbNzKzHtzbwVmY4HR9WqS5VV7dsBUKQmPNr192jHr/VpBluj/hg=="
    },
    "@types/socket.io": {
      "version": "2.1.13",
      "resolved": "https://registry.npmjs.org/@types/socket.io/-/socket.io-2.1.13.tgz",
      "integrity": "sha512-JRgH3nCgsWel4OPANkhH8TelpXvacAJ9VeryjuqCDiaVDMpLysd6sbt0dr6Z15pqH3p2YpOT3T1C5vQ+O/7uyg==",
      "requires": {
        "@types/engine.io": "*",
        "@types/node": "*",
        "@types/socket.io-parser": "*"
      }
    },
    "@types/socket.io-client": {
      "version": "1.4.36",
      "resolved": "https://registry.npmjs.org/@types/socket.io-client/-/socket.io-client-1.4.36.tgz",
      "integrity": "sha512-ZJWjtFBeBy1kRSYpVbeGYTElf6BqPQUkXDlHHD4k/42byCN5Rh027f4yARHCink9sKAkbtGZXEAmR0ZCnc2/Ag=="
    },
    "@types/socket.io-parser": {
      "version": "2.2.1",
      "resolved": "https://registry.npmjs.org/@types/socket.io-parser/-/socket.io-parser-2.2.1.tgz",
      "integrity": "sha512-+JNb+7N7tSINyXPxAJb62+NcpC1x/fPn7z818W4xeNCdPTp6VsO/X8fCsg6+ug4a56m1v9sEiTIIUKVupcHOFQ==",
      "requires": {
        "@types/node": "*"
      }
    },
    "@types/tern": {
      "version": "0.23.3",
      "resolved": "https://registry.npmjs.org/@types/tern/-/tern-0.23.3.tgz",
      "integrity": "sha512-imDtS4TAoTcXk0g7u4kkWqedB3E4qpjXzCpD2LU5M5NAXHzCDsypyvXSaG7mM8DKYkCRa7tFp4tS/lp/Wo7Q3w==",
      "requires": {
        "@types/estree": "*"
      }
    },
    "moment": {
      "version": "2.29.1",
      "resolved": "https://registry.npmjs.org/moment/-/moment-2.29.1.tgz",
      "integrity": "sha512-kHmoybcPV8Sqy59DwNDY3Jefr64lK/by/da0ViFcuA4DH0vQg5Q6Ze5VimxkfQNSC+Mls/Kx53s7TjP1RhFEDQ=="
    }
  }
}
